// !$*UTF8*$!
{
	archiveVersion = 1;
	classes = {
	};
	objectVersion = 50;
	objects = {

/* Begin PBXBuildFile section */
		BC3BBA61238B7A7400BA5D51 /* AppDelegate.swift in Sources */ = {isa = PBXBuildFile; fileRef = BC3BBA60238B7A7400BA5D51 /* AppDelegate.swift */; };
		BC3BBA63238B7A7400BA5D51 /* SceneDelegate.swift in Sources */ = {isa = PBXBuildFile; fileRef = BC3BBA62238B7A7400BA5D51 /* SceneDelegate.swift */; };
		BC3BBA65238B7A7400BA5D51 /* ViewController.swift in Sources */ = {isa = PBXBuildFile; fileRef = BC3BBA64238B7A7400BA5D51 /* ViewController.swift */; };
		BC3BBA68238B7A7400BA5D51 /* Main.storyboard in Resources */ = {isa = PBXBuildFile; fileRef = BC3BBA66238B7A7400BA5D51 /* Main.storyboard */; };
		BC3BBA6A238B7A7600BA5D51 /* Assets.xcassets in Resources */ = {isa = PBXBuildFile; fileRef = BC3BBA69238B7A7600BA5D51 /* Assets.xcassets */; };
		BC3BBA6D238B7A7600BA5D51 /* LaunchScreen.storyboard in Resources */ = {isa = PBXBuildFile; fileRef = BC3BBA6B238B7A7600BA5D51 /* LaunchScreen.storyboard */; };
/* End PBXBuildFile section */

/* Begin PBXFileReference section */
		BC3BBA5D238B7A7400BA5D51 /* neopano.app */ = {isa = PBXFileReference; explicitFileType = wrapper.application; includeInIndex = 0; path = neopano.app; sourceTree = BUILT_PRODUCTS_DIR; };
		BC3BBA60238B7A7400BA5D51 /* AppDelegate.swift */ = {isa = PBXFileReference; lastKnownFileType = sourcecode.swift; path = AppDelegate.swift; sourceTree = "<group>"; };
		BC3BBA62238B7A7400BA5D51 /* SceneDelegate.swift */ = {isa = PBXFileReference; lastKnownFileType = sourcecode.swift; path = SceneDelegate.swift; sourceTree = "<group>"; };
		BC3BBA64238B7A7400BA5D51 /* ViewController.swift */ = {isa = PBXFileReference; lastKnownFileType = sourcecode.swift; path = ViewController.swift; sourceTree = "<group>"; };
		BC3BBA67238B7A7400BA5D51 /* Base */ = {isa = PBXFileReference; lastKnownFileType = file.storyboard; name = Base; path = Base.lproj/Main.storyboard; sourceTree = "<group>"; };
		BC3BBA69238B7A7600BA5D51 /* Assets.xcassets */ = {isa = PBXFileReference; lastKnownFileType = folder.assetcatalog; path = Assets.xcassets; sourceTree = "<group>"; };
		BC3BBA6C238B7A7600BA5D51 /* Base */ = {isa = PBXFileReference; lastKnownFileType = file.storyboard; name = Base; path = Base.lproj/LaunchScreen.storyboard; sourceTree = "<group>"; };
		BC3BBA6E238B7A7600BA5D51 /* Info.plist */ = {isa = PBXFileReference; lastKnownFileType = text.plist.xml; path = Info.plist; sourceTree = "<group>"; };
/* End PBXFileReference section */

/* Begin PBXFrameworksBuildPhase section */
		BC3BBA5A238B7A7400BA5D51 /* Frameworks */ = {
			isa = PBXFrameworksBuildPhase;
			buildActionMask = 2147483647;
			files = (
			);
			runOnlyForDeploymentPostprocessing = 0;
		};
/* End PBXFrameworksBuildPhase section */

/* Begin PBXGroup section */
		BC3BBA54238B7A7400BA5D51 = {
			isa = PBXGroup;
			children = (
				BC3BBA5F238B7A7400BA5D51 /* neopano */,
				BC3BBA5E238B7A7400BA5D51 /* Products */,
			);
			sourceTree = "<group>";
		};
		BC3BBA5E238B7A7400BA5D51 /* Products */ = {
			isa = PBXGroup;
			children = (
				BC3BBA5D238B7A7400BA5D51 /* neopano.app */,
			);
			name = Products;
			sourceTree = "<group>";
		};
		BC3BBA5F238B7A7400BA5D51 /* neopano */ = {
			isa = PBXGroup;
			children = (
				BC3BBA60238B7A7400BA5D51 /* AppDelegate.swift */,
				BC3BBA62238B7A7400BA5D51 /* SceneDelegate.swift */,
				BC3BBA64238B7A7400BA5D51 /* ViewController.swift */,
				BC3BBA66238B7A7400BA5D51 /* Main.storyboard */,
				BC3BBA69238B7A7600BA5D51 /* Assets.xcassets */,
				BC3BBA6B238B7A7600BA5D51 /* LaunchScreen.storyboard */,
				BC3BBA6E238B7A7600BA5D51 /* Info.plist */,
			);
			path = neopano;
			sourceTree = "<group>";
		};
/* End PBXGroup section */

/* Begin PBXNativeTarget section */
		BC3BBA5C238B7A7400BA5D51 /* neopano */ = {
			isa = PBXNativeTarget;
			buildConfigurationList = BC3BBA71238B7A7600BA5D51 /* Build configuration list for PBXNativeTarget "neopano" */;
			buildPhases = (
				BC3BBA59238B7A7400BA5D51 /* Sources */,
				BC3BBA5A238B7A7400BA5D51 /* Frameworks */,
				BC3BBA5B238B7A7400BA5D51 /* Resources */,
			);
			buildRules = (
			);
			dependencies = (
			);
			name = neopano;
			productName = neopano;
			productReference = BC3BBA5D238B7A7400BA5D51 /* neopano.app */;
			productType = "com.apple.product-type.application";
		};
/* End PBXNativeTarget section */

/* Begin PBXProject section */
		BC3BBA55238B7A7400BA5D51 /* Project object */ = {
			isa = PBXProject;
			attributes = {
				LastSwiftUpdateCheck = 1100;
				LastUpgradeCheck = 1100;
				ORGANIZATIONNAME = "Shunta Nakajima";
				TargetAttributes = {
					BC3BBA5C238B7A7400BA5D51 = {
						CreatedOnToolsVersion = 11.0;
					};
				};
			};
			buildConfigurationList = BC3BBA58238B7A7400BA5D51 /* Build configuration list for PBXProject "neopano" */;
			compatibilityVersion = "Xcode 9.3";
			developmentRegion = en;
			hasScannedForEncodings = 0;
			knownRegions = (
				en,
				Base,
			);
			mainGroup = BC3BBA54238B7A7400BA5D51;
			productRefGroup = BC3BBA5E238B7A7400BA5D51 /* Products */;
			projectDirPath = "";
			projectRoot = "";
			targets = (
				BC3BBA5C238B7A7400BA5D51 /* neopano */,
			);
		};
/* End PBXProject section */

/* Begin PBXResourcesBuildPhase section */
		BC3BBA5B238B7A7400BA5D51 /* Resources */ = {
			isa = PBXResourcesBuildPhase;
			buildActionMask = 2147483647;
			files = (
				BC3BBA6D238B7A7600BA5D51 /* LaunchScreen.storyboard in Resources */,
				BC3BBA6A238B7A7600BA5D51 /* Assets.xcassets in Resources */,
				BC3BBA68238B7A7400BA5D51 /* Main.storyboard in Resources */,
			);
			runOnlyForDeploymentPostprocessing = 0;
		};
/* End PBXResourcesBuildPhase section */

/* Begin PBXSourcesBuildPhase section */
		BC3BBA59238B7A7400BA5D51 /* Sources */ = {
			isa = PBXSourcesBuildPhase;
			buildActionMask = 2147483647;
			files = (
				BC3BBA65238B7A7400BA5D51 /* ViewController.swift in Sources */,
				BC3BBA61238B7A7400BA5D51 /* AppDelegate.swift in Sources */,
				BC3BBA63238B7A7400BA5D51 /* SceneDelegate.swift in Sources */,
			);
			runOnlyForDeploymentPostprocessing = 0;
		};
/* End PBXSourcesBuildPhase section */

/* Begin PBXVariantGroup section */
		BC3BBA66238B7A7400BA5D51 /* Main.storyboard */ = {
			isa = PBXVariantGroup;
			children = (
				BC3BBA67238B7A7400BA5D51 /* Base */,
			);
			name = Main.storyboard;
			sourceTree = "<group>";
		};
		BC3BBA6B238B7A7600BA5D51 /* LaunchScreen.storyboard */ = {
			isa = PBXVariantGroup;
			children = (
				BC3BBA6C238B7A7600BA5D51 /* Base */,
			);
			name = LaunchScreen.storyboard;
			sourceTree = "<group>";
		};
/* End PBXVariantGroup section */

/* Begin XCBuildConfiguration section */
		BC3BBA6F238B7A7600BA5D51 /* Debug */ = {
			isa = XCBuildConfiguration;
			buildSettings = {
				ALWAYS_SEARCH_USER_PATHS = NO;
				CLANG_ANALYZER_NONNULL = YES;
				CLANG_ANALYZER_NUMBER_OBJECT_CONVERSION = YES_AGGRESSIVE;
				CLANG_CXX_LANGUAGE_STANDARD = "gnu++14";
				CLANG_CXX_LIBRARY = "libc++";
				CLANG_ENABLE_MODULES = YES;
				CLANG_ENABLE_OBJC_ARC = YES;
				CLANG_ENABLE_OBJC_WEAK = YES;
				CLANG_WARN_BLOCK_CAPTURE_AUTORELEASING = YES;
				CLANG_WARN_BOOL_CONVERSION = YES;
				CLANG_WARN_COMMA = YES;
				CLANG_WARN_CONSTANT_CONVERSION = YES;
				CLANG_WARN_DEPRECATED_OBJC_IMPLEMENTATIONS = YES;
				CLANG_WARN_DIRECT_OBJC_ISA_USAGE = YES_ERROR;
				CLANG_WARN_DOCUMENTATION_COMMENTS = YES;
				CLANG_WARN_EMPTY_BODY = YES;
				CLANG_WARN_ENUM_CONVERSION = YES;
				CLANG_WARN_INFINITE_RECURSION = YES;
				CLANG_WARN_INT_CONVERSION = YES;
				CLANG_WARN_NON_LITERAL_NULL_CONVERSION = YES;
				CLANG_WARN_OBJC_IMPLICIT_RETAIN_SELF = YES;
				CLANG_WARN_OBJC_LITERAL_CONVERSION = YES;
				CLANG_WARN_OBJC_ROOT_CLASS = YES_ERROR;
				CLANG_WARN_RANGE_LOOP_ANALYSIS = YES;
				CLANG_WARN_STRICT_PROTOTYPES = YES;
				CLANG_WARN_SUSPICIOUS_MOVE = YES;
				CLANG_WARN_UNGUARDED_AVAILABILITY = YES_AGGRESSIVE;
				CLANG_WARN_UNREACHABLE_CODE = YES;
				CLANG_WARN__DUPLICATE_METHOD_MATCH = YES;
				COPY_PHASE_STRIP = NO;
				DEBUG_INFORMATION_FORMAT = dwarf;
				ENABLE_STRICT_OBJC_MSGSEND = YES;
				ENABLE_TESTABILITY = YES;
				GCC_C_LANGUAGE_STANDARD = gnu11;
				GCC_DYNAMIC_NO_PIC = NO;
				GCC_NO_COMMON_BLOCKS = YES;
				GCC_OPTIMIZATION_LEVEL = 0;
				GCC_PREPROCESSOR_DEFINITIONS = (
					"DEBUG=1",
					"$(inherited)",
				);
				GCC_WARN_64_TO_32_BIT_CONVERSION = YES;
				GCC_WARN_ABOUT_RETURN_TYPE = YES_ERROR;
				GCC_WARN_UNDECLARED_SELECTOR = YES;
				GCC_WARN_UNINITIALIZED_AUTOS = YES_AGGRESSIVE;
				GCC_WARN_UNUSED_FUNCTION = YES;
				GCC_WARN_UNUSED_VARIABLE = YES;
				IPHONEOS_DEPLOYMENT_TARGET = 13.0;
				MTL_ENABLE_DEBUG_INFO = INCLUDE_SOURCE;
				MTL_FAST_MATH = YES;
				ONLY_ACTIVE_ARCH = YES;
				SDKROOT = iphoneos;
				SWIFT_ACTIVE_COMPILATION_CONDITIONS = DEBUG;
				SWIFT_OPTIMIZATION_LEVEL = "-Onone";
			};
			name = Debug;
		};
		BC3BBA70238B7A7600BA5D51 /* Release */ = {
			isa = XCBuildConfiguration;
			buildSettings = {
				ALWAYS_SEARCH_USER_PATHS = NO;
				CLANG_ANALYZER_NONNULL = YES;
				CLANG_ANALYZER_NUMBER_OBJECT_CONVERSION = YES_AGGRESSIVE;
				CLANG_CXX_LANGUAGE_STANDARD = "gnu++14";
				CLANG_CXX_LIBRARY = "libc++";
				CLANG_ENABLE_MODULES = YES;
				CLANG_ENABLE_OBJC_ARC = YES;
				CLANG_ENABLE_OBJC_WEAK = YES;
				CLANG_WARN_BLOCK_CAPTURE_AUTORELEASING = YES;
				CLANG_WARN_BOOL_CONVERSION = YES;
				CLANG_WARN_COMMA = YES;
				CLANG_WARN_CONSTANT_CONVERSION = YES;
				CLANG_WARN_DEPRECATED_OBJC_IMPLEMENTATIONS = YES;
				CLANG_WARN_DIRECT_OBJC_ISA_USAGE = YES_ERROR;
				CLANG_WARN_DOCUMENTATION_COMMENTS = YES;
				CLANG_WARN_EMPTY_BODY = YES;
				CLANG_WARN_ENUM_CONVERSION = YES;
				CLANG_WARN_INFINITE_RECURSION = YES;
				CLANG_WARN_INT_CONVERSION = YES;
				CLANG_WARN_NON_LITERAL_NULL_CONVERSION = YES;
				CLANG_WARN_OBJC_IMPLICIT_RETAIN_SELF = YES;
				CLANG_WARN_OBJC_LITERAL_CONVERSION = YES;
				CLANG_WARN_OBJC_ROOT_CLASS = YES_ERROR;
				CLANG_WARN_RANGE_LOOP_ANALYSIS = YES;
				CLANG_WARN_STRICT_PROTOTYPES = YES;
				CLANG_WARN_SUSPICIOUS_MOVE = YES;
				CLANG_WARN_UNGUARDED_AVAILABILITY = YES_AGGRESSIVE;
				CLANG_WARN_UNREACHABLE_CODE = YES;
				CLANG_WARN__DUPLICATE_METHOD_MATCH = YES;
				COPY_PHASE_STRIP = NO;
				DEBUG_INFORMATION_FORMAT = "dwarf-with-dsym";
				ENABLE_NS_ASSERTIONS = NO;
				ENABLE_STRICT_OBJC_MSGSEND = YES;
				GCC_C_LANGUAGE_STANDARD = gnu11;
				GCC_NO_COMMON_BLOCKS = YES;
				GCC_WARN_64_TO_32_BIT_CONVERSION = YES;
				GCC_WARN_ABOUT_RETURN_TYPE = YES_ERROR;
				GCC_WARN_UNDECLARED_SELECTOR = YES;
				GCC_WARN_UNINITIALIZED_AUTOS = YES_AGGRESSIVE;
				GCC_WARN_UNUSED_FUNCTION = YES;
				GCC_WARN_UNUSED_VARIABLE = YES;
				IPHONEOS_DEPLOYMENT_TARGET = 13.0;
				MTL_ENABLE_DEBUG_INFO = NO;
				MTL_FAST_MATH = YES;
				SDKROOT = iphoneos;
				SWIFT_COMPILATION_MODE = wholemodule;
				SWIFT_OPTIMIZATION_LEVEL = "-O";
				VALIDATE_PRODUCT = YES;
			};
			name = Release;
		};
		BC3BBA72238B7A7600BA5D51 /* Debug */ = {
			isa = XCBuildConfiguration;
			buildSettings = {
				ASSETCATALOG_COMPILER_APPICON_NAME = AppIcon;
				CODE_SIGN_STYLE = Automatic;
				DEVELOPMENT_TEAM = XNNJ64W9XB;
				INFOPLIST_FILE = neopano/Info.plist;
				LD_RUNPATH_SEARCH_PATHS = (
					"$(inherited)",
					"@executable_path/Frameworks",
				);
				PRODUCT_BUNDLE_IDENTIFIER = com.shuntanakajima.nepano.neopano;
				PRODUCT_NAME = "$(TARGET_NAME)";
				SWIFT_VERSION = 5.0;
				TARGETED_DEVICE_FAMILY = "1,2";
			};
			name = Debug;
		};
		BC3BBA73238B7A7600BA5D51 /* Release */ = {
			isa = XCBuildConfiguration;
			buildSettings = {
				ASSETCATALOG_COMPILER_APPICON_NAME = AppIcon;
				CODE_SIGN_STYLE = Automatic;
				DEVELOPMENT_TEAM = XNNJ64W9XB;
				INFOPLIST_FILE = neopano/Info.plist;
				LD_RUNPATH_SEARCH_PATHS = (
					"$(inherited)",
					"@executable_path/Frameworks",
				);
				PRODUCT_BUNDLE_IDENTIFIER = com.shuntanakajima.nepano.neopano;
				PRODUCT_NAME = "$(TARGET_NAME)";
				SWIFT_VERSION = 5.0;
				TARGETED_DEVICE_FAMILY = "1,2";
			};
			name = Release;
		};
/* End XCBuildConfiguration section */

/* Begin XCConfigurationList section */
		BC3BBA58238B7A7400BA5D51 /* Build configuration list for PBXProject "neopano" */ = {
			isa = XCConfigurationList;
			buildConfigurations = (
				BC3BBA6F238B7A7600BA5D51 /* Debug */,
				BC3BBA70238B7A7600BA5D51 /* Release */,
			);
			defaultConfigurationIsVisible = 0;
			defaultConfigurationName = Release;
		};
		BC3BBA71238B7A7600BA5D51 /* Build configuration list for PBXNativeTarget "neopano" */ = {
			isa = XCConfigurationList;
			buildConfigurations = (
				BC3BBA72238B7A7600BA5D51 /* Debug */,
				BC3BBA73238B7A7600BA5D51 /* Release */,
			);
			defaultConfigurationIsVisible = 0;
			defaultConfigurationName = Release;
		};
/* End XCConfigurationList section */
	};
	rootObject = BC3BBA55238B7A7400BA5D51 /* Project object */;
}
